
Microsoft Visual Studio Solution File, Format Version 12.00
# Visual Studio Version 17
VisualStudioVersion = 17.5.002.0
MinimumVisualStudioVersion = 10.0.40219.1
Project("{9A19103F-16F7-4668-BE54-9A1E7A4F7556}") = "Atividade", "Atividade\Atividade.csproj", "{7EB70EFC-F444-4BB4-9EA6-5A4FB7C0F8FF}"
EndProject
Global
	GlobalSection(SolutionConfigurationPlatforms) = preSolution
		Debug|Any CPU = Debug|Any CPU
		Release|Any CPU = Release|Any CPU
	EndGlobalSection
	GlobalSection(ProjectConfigurationPlatforms) = postSolution
		{7EB70EFC-F444-4BB4-9EA6-5A4FB7C0F8FF}.Debug|Any CPU.ActiveCfg = Debug|Any CPU
		{7EB70EFC-F444-4BB4-9EA6-5A4FB7C0F8FF}.Debug|Any CPU.Build.0 = Debug|Any CPU
		{7EB70EFC-F444-4BB4-9EA6-5A4FB7C0F8FF}.Release|Any CPU.ActiveCfg = Release|Any CPU
		{7EB70EFC-F444-4BB4-9EA6-5A4FB7C0F8FF}.Release|Any CPU.Build.0 = Release|Any CPU
	EndGlobalSection
	GlobalSection(SolutionProperties) = preSolution
		HideSolutionNode = FALSE
	EndGlobalSection
	GlobalSection(ExtensibilityGlobals) = postSolution
		SolutionGuid = {A42B82C4-FD74-4772-B0A2-58BE5A706729}
	EndGlobalSection
EndGlobal
